
Microsoft Visual Studio Solution File, Format Version 12.00
# Visual Studio Version 16
VisualStudioVersion = 16.0.30611.23
MinimumVisualStudioVersion = 10.0.40219.1
Project("{FAE04EC0-301F-11D3-BF4B-00C04F79EFBC}") = "Tommy.Demo", "Tommy.Demo\Tommy.Demo.csproj", "{50ED3E02-E48F-42C1-A2DC-16F0A3056065}"
EndProject
Global
	GlobalSection(SolutionConfigurationPlatforms) = preSolution
		Debug|Any CPU = Debug|Any CPU
		Release|Any CPU = Release|Any CPU
	EndGlobalSection
	GlobalSection(ProjectConfigurationPlatforms) = postSolution
		{50ED3E02-E48F-42C1-A2DC-16F0A3056065}.Debug|Any CPU.ActiveCfg = Debug|Any CPU
		{50ED3E02-E48F-42C1-A2DC-16F0A3056065}.Debug|Any CPU.Build.0 = Debug|Any CPU
		{50ED3E02-E48F-42C1-A2DC-16F0A3056065}.Release|Any CPU.ActiveCfg = Release|Any CPU
		{50ED3E02-E48F-42C1-A2DC-16F0A3056065}.Release|Any CPU.Build.0 = Release|Any CPU
	EndGlobalSection
	GlobalSection(SolutionProperties) = preSolution
		HideSolutionNode = FALSE
	EndGlobalSection
	GlobalSection(ExtensibilityGlobals) = postSolution
		SolutionGuid = {0F6BB950-94D6-4B08-ABDC-4CDD6E90B7E7}
	EndGlobalSection
EndGlobal
